<?xml version="1.0" encoding="utf-8"?>
<Project ToolsVersion="4.0" xmlns="http://schemas.microsoft.com/developer/msbuild/2003">
  <ItemGroup>
    <Filter Include="源文件">
      <UniqueIdentifier>{4FC737F1-C7A5-4376-A066-2A32D752A2FF}</UniqueIdentifier>
      <Extensions>cpp;c;cc;cxx;def;odl;idl;hpj;bat;asm;asmx</Extensions>
    </Filter>
    <Filter Include="头文件">
      <UniqueIdentifier>{93995380-89BD-4b04-88EB-625FBE52EBFB}</UniqueIdentifier>
      <Extensions>h;hpp;hxx;hm;inl;inc;xsd</Extensions>
    </Filter>
    <Filter Include="资源文件">
      <UniqueIdentifier>{67DA6AB6-F800-4c08-8B7A-83BB121AAD01}</UniqueIdentifier>
      <Extensions>rc;ico;cur;bmp;dlg;rc2;rct;bin;rgs;gif;jpg;jpeg;jpe;resx;tiff;tif;png;wav;mfcribbon-ms</Extensions>
    </Filter>
    <Filter Include="rxfun">
      <UniqueIdentifier>{8e8ba93c-8cfc-463f-a60a-2be8a7795907}</UniqueIdentifier>
    </Filter>
    <Filter Include="common">
      <UniqueIdentifier>{cee41de6-b0f8-4bb5-b366-257d57fcfaef}</UniqueIdentifier>
    </Filter>
  </ItemGroup>
  <ItemGroup>
    <Text Include="ReadMe.txt" />
  </ItemGroup>
  <ItemGroup>
    <ClCompile Include="RXJH_GameDll.cpp">
      <Filter>源文件</Filter>
    </ClCompile>
    <ClCompile Include="stdafx.cpp">
      <Filter>源文件</Filter>
    </ClCompile>
    <ClCompile Include="CDialg_Main.cpp">
      <Filter>源文件</Filter>
    </ClCompile>
    <ClCompile Include="CutThreadApp.cpp">
      <Filter>源文件</Filter>
    </ClCompile>
    <ClCompile Include="Funtion.cpp">
      <Filter>rxfun</Filter>
    </ClCompile>
    <ClCompile Include="EntifyMonster.cpp">
      <Filter>rxfun</Filter>
    </ClCompile>
    <ClCompile Include="EntityBase.cpp">
      <Filter>rxfun</Filter>
    </ClCompile>
    <ClCompile Include="EntityGoods.cpp">
      <Filter>rxfun</Filter>
    </ClCompile>
    <ClCompile Include="EntityNPC.cpp">
      <Filter>rxfun</Filter>
    </ClCompile>
    <ClCompile Include="EntityPlayer.cpp">
      <Filter>rxfun</Filter>
    </ClCompile>
    <ClCompile Include="PlayHelper.cpp">
      <Filter>rxfun</Filter>
    </ClCompile>
    <ClCompile Include="AddressData.cpp">
      <Filter>common</Filter>
    </ClCompile>
    <ClCompile Include="Supply.cpp">
      <Filter>rxfun</Filter>
    </ClCompile>
    <ClCompile Include="Package.cpp">
      <Filter>rxfun</Filter>
    </ClCompile>
  </ItemGroup>
  <ItemGroup>
    <ClInclude Include="RXJH_GameDll.h">
      <Filter>头文件</Filter>
    </ClInclude>
    <ClInclude Include="stdafx.h">
      <Filter>头文件</Filter>
    </ClInclude>
    <ClInclude Include="targetver.h">
      <Filter>头文件</Filter>
    </ClInclude>
    <ClInclude Include="Resource.h">
      <Filter>头文件</Filter>
    </ClInclude>
    <ClInclude Include="CDialg_Main.h">
      <Filter>头文件</Filter>
    </ClInclude>
    <ClInclude Include="CutThreadApp.h">
      <Filter>头文件</Filter>
    </ClInclude>
    <ClInclude Include="Funtion.h">
      <Filter>rxfun</Filter>
    </ClInclude>
    <ClInclude Include="EntityBase.h">
      <Filter>rxfun</Filter>
    </ClInclude>
    <ClInclude Include="EntifyMonster.h">
      <Filter>rxfun</Filter>
    </ClInclude>
    <ClInclude Include="EntityGoods.h">
      <Filter>rxfun</Filter>
    </ClInclude>
    <ClInclude Include="EntityNPC.h">
      <Filter>rxfun</Filter>
    </ClInclude>
    <ClInclude Include="EntityPlayer.h">
      <Filter>rxfun</Filter>
    </ClInclude>
    <ClInclude Include="PlayHelper.h">
      <Filter>rxfun</Filter>
    </ClInclude>
    <ClInclude Include="AddressData.h">
      <Filter>common</Filter>
    </ClInclude>
    <ClInclude Include="CommonRead.h">
      <Filter>common</Filter>
    </ClInclude>
    <ClInclude Include="Supply.h">
      <Filter>rxfun</Filter>
    </ClInclude>
    <ClInclude Include="Package.h">
      <Filter>rxfun</Filter>
    </ClInclude>
  </ItemGroup>
  <ItemGroup>
    <None Include="RXJH_GameDll.def">
      <Filter>源文件</Filter>
    </None>
    <None Include="res\RXJH_GameDll.rc2">
      <Filter>资源文件</Filter>
    </None>
  </ItemGroup>
  <ItemGroup>
    <ResourceCompile Include="RXJH_GameDll.rc">
      <Filter>资源文件</Filter>
    </ResourceCompile>
  </ItemGroup>
</Project>